// !$*UTF8*$!
{
	archiveVersion = 1;
	classes = {
	};
	objectVersion = 46;
	objects = {

/* Begin PBXBuildFile section */
		84D889111B3AAC4A006F96D7 /* AppDelegate.swift in Sources */ = {isa = PBXBuildFile; fileRef = 84D889101B3AAC4A006F96D7 /* AppDelegate.swift */; };
		84D889131B3AAC4A006F96D7 /* ViewController.swift in Sources */ = {isa = PBXBuildFile; fileRef = 84D889121B3AAC4A006F96D7 /* ViewController.swift */; };
		84D889161B3AAC4A006F96D7 /* Main.storyboard in Resources */ = {isa = PBXBuildFile; fileRef = 84D889141B3AAC4A006F96D7 /* Main.storyboard */; };
		84D889181B3AAC4A006F96D7 /* Assets.xcassets in Resources */ = {isa = PBXBuildFile; fileRef = 84D889171B3AAC4A006F96D7 /* Assets.xcassets */; };
		84D8891B1B3AAC4A006F96D7 /* LaunchScreen.storyboard in Resources */ = {isa = PBXBuildFile; fileRef = 84D889191B3AAC4A006F96D7 /* LaunchScreen.storyboard */; };
		84D889231B3AC58C006F96D7 /* TableViewController.swift in Sources */ = {isa = PBXBuildFile; fileRef = 84D889221B3AC58C006F96D7 /* TableViewController.swift */; };
		84D889321B3AF69A006F96D7 /* AddressBook.framework in Frameworks */ = {isa = PBXBuildFile; fileRef = 84D889301B3AF69A006F96D7 /* AddressBook.framework */; };
		84D889331B3AF69A006F96D7 /* AddressBookUI.framework in Frameworks */ = {isa = PBXBuildFile; fileRef = 84D889311B3AF69A006F96D7 /* AddressBookUI.framework */; };
/* End PBXBuildFile section */

/* Begin PBXFileReference section */
		8474B8051B3C116A00E2328C /* iTunesArtwork */ = {isa = PBXFileReference; lastKnownFileType = file; path = iTunesArtwork; sourceTree = "<group>"; };
		8474B8061B3C116A00E2328C /* iTunesArtwork@2x */ = {isa = PBXFileReference; lastKnownFileType = file; path = "iTunesArtwork@2x"; sourceTree = "<group>"; };
		84D8890D1B3AAC4A006F96D7 /* empty Contact.app */ = {isa = PBXFileReference; explicitFileType = wrapper.application; includeInIndex = 0; path = "empty Contact.app"; sourceTree = BUILT_PRODUCTS_DIR; };
		84D889101B3AAC4A006F96D7 /* AppDelegate.swift */ = {isa = PBXFileReference; lastKnownFileType = sourcecode.swift; path = AppDelegate.swift; sourceTree = "<group>"; };
		84D889121B3AAC4A006F96D7 /* ViewController.swift */ = {isa = PBXFileReference; lastKnownFileType = sourcecode.swift; path = ViewController.swift; sourceTree = "<group>"; };
		84D889151B3AAC4A006F96D7 /* Base */ = {isa = PBXFileReference; lastKnownFileType = file.storyboard; name = Base; path = Base.lproj/Main.storyboard; sourceTree = "<group>"; };
		84D889171B3AAC4A006F96D7 /* Assets.xcassets */ = {isa = PBXFileReference; lastKnownFileType = folder.assetcatalog; path = Assets.xcassets; sourceTree = "<group>"; };
		84D8891A1B3AAC4A006F96D7 /* Base */ = {isa = PBXFileReference; lastKnownFileType = file.storyboard; name = Base; path = Base.lproj/LaunchScreen.storyboard; sourceTree = "<group>"; };
		84D8891C1B3AAC4A006F96D7 /* Info.plist */ = {isa = PBXFileReference; lastKnownFileType = text.plist.xml; path = Info.plist; sourceTree = "<group>"; };
		84D889221B3AC58C006F96D7 /* TableViewController.swift */ = {isa = PBXFileReference; fileEncoding = 4; lastKnownFileType = sourcecode.swift; path = TableViewController.swift; sourceTree = "<group>"; };
		84D889301B3AF69A006F96D7 /* AddressBook.framework */ = {isa = PBXFileReference; lastKnownFileType = wrapper.framework; name = AddressBook.framework; path = System/Library/Frameworks/AddressBook.framework; sourceTree = SDKROOT; };
		84D889311B3AF69A006F96D7 /* AddressBookUI.framework */ = {isa = PBXFileReference; lastKnownFileType = wrapper.framework; name = AddressBookUI.framework; path = System/Library/Frameworks/AddressBookUI.framework; sourceTree = SDKROOT; };
/* End PBXFileReference section */

/* Begin PBXFrameworksBuildPhase section */
		84D8890A1B3AAC4A006F96D7 /* Frameworks */ = {
			isa = PBXFrameworksBuildPhase;
			buildActionMask = 2147483647;
			files = (
				84D889321B3AF69A006F96D7 /* AddressBook.framework in Frameworks */,
				84D889331B3AF69A006F96D7 /* AddressBookUI.framework in Frameworks */,
			);
			runOnlyForDeploymentPostprocessing = 0;
		};
/* End PBXFrameworksBuildPhase section */

/* Begin PBXGroup section */
		84D889041B3AAC4A006F96D7 = {
			isa = PBXGroup;
			children = (
				84D889301B3AF69A006F96D7 /* AddressBook.framework */,
				84D889311B3AF69A006F96D7 /* AddressBookUI.framework */,
				84D8890F1B3AAC4A006F96D7 /* empty Contact */,
				84D8890E1B3AAC4A006F96D7 /* Products */,
			);
			sourceTree = "<group>";
		};
		84D8890E1B3AAC4A006F96D7 /* Products */ = {
			isa = PBXGroup;
			children = (
				84D8890D1B3AAC4A006F96D7 /* empty Contact.app */,
			);
			name = Products;
			sourceTree = "<group>";
		};
		84D8890F1B3AAC4A006F96D7 /* empty Contact */ = {
			isa = PBXGroup;
			children = (
				84D889101B3AAC4A006F96D7 /* AppDelegate.swift */,
				84D889121B3AAC4A006F96D7 /* ViewController.swift */,
				84D889221B3AC58C006F96D7 /* TableViewController.swift */,
				84D889141B3AAC4A006F96D7 /* Main.storyboard */,
				84D889171B3AAC4A006F96D7 /* Assets.xcassets */,
				84D889191B3AAC4A006F96D7 /* LaunchScreen.storyboard */,
				84D8891C1B3AAC4A006F96D7 /* Info.plist */,
				8474B8051B3C116A00E2328C /* iTunesArtwork */,
				8474B8061B3C116A00E2328C /* iTunesArtwork@2x */,
			);
			path = "empty Contact";
			sourceTree = "<group>";
		};
/* End PBXGroup section */

/* Begin PBXNativeTarget section */
		84D8890C1B3AAC4A006F96D7 /* empty Contact */ = {
			isa = PBXNativeTarget;
			buildConfigurationList = 84D8891F1B3AAC4A006F96D7 /* Build configuration list for PBXNativeTarget "empty Contact" */;
			buildPhases = (
				84D889091B3AAC4A006F96D7 /* Sources */,
				84D8890A1B3AAC4A006F96D7 /* Frameworks */,
				84D8890B1B3AAC4A006F96D7 /* Resources */,
			);
			buildRules = (
			);
			dependencies = (
			);
			name = "empty Contact";
			productName = "empty Contact";
			productReference = 84D8890D1B3AAC4A006F96D7 /* empty Contact.app */;
			productType = "com.apple.product-type.application";
		};
/* End PBXNativeTarget section */

/* Begin PBXProject section */
		84D889051B3AAC4A006F96D7 /* Project object */ = {
			isa = PBXProject;
			attributes = {
				LastUpgradeCheck = 0700;
				ORGANIZATIONNAME = wingringring;
				TargetAttributes = {
					84D8890C1B3AAC4A006F96D7 = {
						CreatedOnToolsVersion = 7.0;
					};
				};
			};
			buildConfigurationList = 84D889081B3AAC4A006F96D7 /* Build configuration list for PBXProject "empty Contact" */;
			compatibilityVersion = "Xcode 3.2";
			developmentRegion = English;
			hasScannedForEncodings = 0;
			knownRegions = (
				en,
				Base,
			);
			mainGroup = 84D889041B3AAC4A006F96D7;
			productRefGroup = 84D8890E1B3AAC4A006F96D7 /* Products */;
			projectDirPath = "";
			projectRoot = "";
			targets = (
				84D8890C1B3AAC4A006F96D7 /* empty Contact */,
			);
		};
/* End PBXProject section */

/* Begin PBXResourcesBuildPhase section */
		84D8890B1B3AAC4A006F96D7 /* Resources */ = {
			isa = PBXResourcesBuildPhase;
			buildActionMask = 2147483647;
			files = (
				84D8891B1B3AAC4A006F96D7 /* LaunchScreen.storyboard in Resources */,
				84D889181B3AAC4A006F96D7 /* Assets.xcassets in Resources */,
				84D889161B3AAC4A006F96D7 /* Main.storyboard in Resources */,
			);
			runOnlyForDeploymentPostprocessing = 0;
		};
/* End PBXResourcesBuildPhase section */

/* Begin PBXSourcesBuildPhase section */
		84D889091B3AAC4A006F96D7 /* Sources */ = {
			isa = PBXSourcesBuildPhase;
			buildActionMask = 2147483647;
			files = (
				84D889131B3AAC4A006F96D7 /* ViewController.swift in Sources */,
				84D889231B3AC58C006F96D7 /* TableViewController.swift in Sources */,
				84D889111B3AAC4A006F96D7 /* AppDelegate.swift in Sources */,
			);
			runOnlyForDeploymentPostprocessing = 0;
		};
/* End PBXSourcesBuildPhase section */

/* Begin PBXVariantGroup section */
		84D889141B3AAC4A006F96D7 /* Main.storyboard */ = {
			isa = PBXVariantGroup;
			children = (
				84D889151B3AAC4A006F96D7 /* Base */,
			);
			name = Main.storyboard;
			sourceTree = "<group>";
		};
		84D889191B3AAC4A006F96D7 /* LaunchScreen.storyboard */ = {
			isa = PBXVariantGroup;
			children = (
				84D8891A1B3AAC4A006F96D7 /* Base */,
			);
			name = LaunchScreen.storyboard;
			sourceTree = "<group>";
		};
/* End PBXVariantGroup section */

/* Begin XCBuildConfiguration section */
		84D8891D1B3AAC4A006F96D7 /* Debug */ = {
			isa = XCBuildConfiguration;
			buildSettings = {
				ALWAYS_SEARCH_USER_PATHS = NO;
				CLANG_CXX_LANGUAGE_STANDARD = "gnu++0x";
				CLANG_CXX_LIBRARY = "libc++";
				CLANG_ENABLE_MODULES = YES;
				CLANG_ENABLE_OBJC_ARC = YES;
				CLANG_WARN_BOOL_CONVERSION = YES;
				CLANG_WARN_CONSTANT_CONVERSION = YES;
				CLANG_WARN_DIRECT_OBJC_ISA_USAGE = YES_ERROR;
				CLANG_WARN_EMPTY_BODY = YES;
				CLANG_WARN_ENUM_CONVERSION = YES;
				CLANG_WARN_INT_CONVERSION = YES;
				CLANG_WARN_OBJC_ROOT_CLASS = YES_ERROR;
				CLANG_WARN_UNREACHABLE_CODE = YES;
				CLANG_WARN__DUPLICATE_METHOD_MATCH = YES;
				"CODE_SIGN_IDENTITY[sdk=iphoneos*]" = "iPhone Developer";
				COPY_PHASE_STRIP = NO;
				DEBUG_INFORMATION_FORMAT = dwarf;
				ENABLE_STRICT_OBJC_MSGSEND = YES;
				ENABLE_TESTABILITY = YES;
				GCC_C_LANGUAGE_STANDARD = gnu99;
				GCC_DYNAMIC_NO_PIC = NO;
				GCC_NO_COMMON_BLOCKS = YES;
				GCC_OPTIMIZATION_LEVEL = 0;
				GCC_PREPROCESSOR_DEFINITIONS = (
					"DEBUG=1",
					"$(inherited)",
				);
				GCC_WARN_64_TO_32_BIT_CONVERSION = YES;
				GCC_WARN_ABOUT_RETURN_TYPE = YES_ERROR;
				GCC_WARN_UNDECLARED_SELECTOR = YES;
				GCC_WARN_UNINITIALIZED_AUTOS = YES_AGGRESSIVE;
				GCC_WARN_UNUSED_FUNCTION = YES;
				GCC_WARN_UNUSED_VARIABLE = YES;
				IPHONEOS_DEPLOYMENT_TARGET = 9.0;
				MTL_ENABLE_DEBUG_INFO = YES;
				ONLY_ACTIVE_ARCH = YES;
				SDKROOT = iphoneos;
				SWIFT_OPTIMIZATION_LEVEL = "-Onone";
			};
			name = Debug;
		};
		84D8891E1B3AAC4A006F96D7 /* Release */ = {
			isa = XCBuildConfiguration;
			buildSettings = {
				ALWAYS_SEARCH_USER_PATHS = NO;
				CLANG_CXX_LANGUAGE_STANDARD = "gnu++0x";
				CLANG_CXX_LIBRARY = "libc++";
				CLANG_ENABLE_MODULES = YES;
				CLANG_ENABLE_OBJC_ARC = YES;
				CLANG_WARN_BOOL_CONVERSION = YES;
				CLANG_WARN_CONSTANT_CONVERSION = YES;
				CLANG_WARN_DIRECT_OBJC_ISA_USAGE = YES_ERROR;
				CLANG_WARN_EMPTY_BODY = YES;
				CLANG_WARN_ENUM_CONVERSION = YES;
				CLANG_WARN_INT_CONVERSION = YES;
				CLANG_WARN_OBJC_ROOT_CLASS = YES_ERROR;
				CLANG_WARN_UNREACHABLE_CODE = YES;
				CLANG_WARN__DUPLICATE_METHOD_MATCH = YES;
				"CODE_SIGN_IDENTITY[sdk=iphoneos*]" = "iPhone Developer";
				COPY_PHASE_STRIP = NO;
				DEBUG_INFORMATION_FORMAT = "dwarf-with-dsym";
				ENABLE_NS_ASSERTIONS = NO;
				ENABLE_STRICT_OBJC_MSGSEND = YES;
				GCC_C_LANGUAGE_STANDARD = gnu99;
				GCC_NO_COMMON_BLOCKS = YES;
				GCC_WARN_64_TO_32_BIT_CONVERSION = YES;
				GCC_WARN_ABOUT_RETURN_TYPE = YES_ERROR;
				GCC_WARN_UNDECLARED_SELECTOR = YES;
				GCC_WARN_UNINITIALIZED_AUTOS = YES_AGGRESSIVE;
				GCC_WARN_UNUSED_FUNCTION = YES;
				GCC_WARN_UNUSED_VARIABLE = YES;
				IPHONEOS_DEPLOYMENT_TARGET = 9.0;
				MTL_ENABLE_DEBUG_INFO = NO;
				SDKROOT = iphoneos;
				VALIDATE_PRODUCT = YES;
			};
			name = Release;
		};
		84D889201B3AAC4A006F96D7 /* Debug */ = {
			isa = XCBuildConfiguration;
			buildSettings = {
				ASSETCATALOG_COMPILER_APPICON_NAME = AppIcon;
				EMBED_ASSET_PACKS_IN_PRODUCT_BUNDLE = YES;
				ENABLE_ON_DEMAND_RESOURCES = YES;
				INFOPLIST_FILE = "empty Contact/Info.plist";
				IPHONEOS_DEPLOYMENT_TARGET = 8.3;
				LD_RUNPATH_SEARCH_PATHS = "$(inherited) @executable_path/Frameworks";
				PRODUCT_BUNDLE_IDENTIFIER = "com.yiplee.empty-Contact";
				PRODUCT_NAME = "$(TARGET_NAME)";
				TARGETED_DEVICE_FAMILY = "1,2";
			};
			name = Debug;
		};
		84D889211B3AAC4A006F96D7 /* Release */ = {
			isa = XCBuildConfiguration;
			buildSettings = {
				ASSETCATALOG_COMPILER_APPICON_NAME = AppIcon;
				EMBED_ASSET_PACKS_IN_PRODUCT_BUNDLE = YES;
				ENABLE_ON_DEMAND_RESOURCES = YES;
				INFOPLIST_FILE = "empty Contact/Info.plist";
				IPHONEOS_DEPLOYMENT_TARGET = 8.3;
				LD_RUNPATH_SEARCH_PATHS = "$(inherited) @executable_path/Frameworks";
				PRODUCT_BUNDLE_IDENTIFIER = "com.yiplee.empty-Contact";
				PRODUCT_NAME = "$(TARGET_NAME)";
				TARGETED_DEVICE_FAMILY = "1,2";
			};
			name = Release;
		};
/* End XCBuildConfiguration section */

/* Begin XCConfigurationList section */
		84D889081B3AAC4A006F96D7 /* Build configuration list for PBXProject "empty Contact" */ = {
			isa = XCConfigurationList;
			buildConfigurations = (
				84D8891D1B3AAC4A006F96D7 /* Debug */,
				84D8891E1B3AAC4A006F96D7 /* Release */,
			);
			defaultConfigurationIsVisible = 0;
			defaultConfigurationName = Release;
		};
		84D8891F1B3AAC4A006F96D7 /* Build configuration list for PBXNativeTarget "empty Contact" */ = {
			isa = XCConfigurationList;
			buildConfigurations = (
				84D889201B3AAC4A006F96D7 /* Debug */,
				84D889211B3AAC4A006F96D7 /* Release */,
			);
			defaultConfigurationIsVisible = 0;
			defaultConfigurationName = Release;
		};
/* End XCConfigurationList section */
	};
	rootObject = 84D889051B3AAC4A006F96D7 /* Project object */;
}
